
Microsoft Visual Studio Solution File, Format Version 12.00
# Visual Studio Version 17
VisualStudioVersion = 17.4.33122.133
MinimumVisualStudioVersion = 10.0.40219.1
Project("{9A19103F-16F7-4668-BE54-9A1E7A4F7556}") = "ConsoleApp1", "ConsoleApp1\ConsoleApp1.csproj", "{196B65D2-DE9F-4EC1-AB18-CAB176895544}"
EndProject
Project("{FAE04EC0-301F-11D3-BF4B-00C04F79EFBC}") = "ConsoleApp2", "ConsoleApp2\ConsoleApp2.csproj", "{56C4A46A-7FDD-4E00-8B4F-8E7BDFBC9987}"
EndProject
Global
	GlobalSection(SolutionConfigurationPlatforms) = preSolution
		Debug|Any CPU = Debug|Any CPU
		Release|Any CPU = Release|Any CPU
	EndGlobalSection
	GlobalSection(ProjectConfigurationPlatforms) = postSolution
		{196B65D2-DE9F-4EC1-AB18-CAB176895544}.Debug|Any CPU.ActiveCfg = Debug|Any CPU
		{196B65D2-DE9F-4EC1-AB18-CAB176895544}.Debug|Any CPU.Build.0 = Debug|Any CPU
		{196B65D2-DE9F-4EC1-AB18-CAB176895544}.Release|Any CPU.ActiveCfg = Release|Any CPU
		{196B65D2-DE9F-4EC1-AB18-CAB176895544}.Release|Any CPU.Build.0 = Release|Any CPU
		{56C4A46A-7FDD-4E00-8B4F-8E7BDFBC9987}.Debug|Any CPU.ActiveCfg = Debug|Any CPU
		{56C4A46A-7FDD-4E00-8B4F-8E7BDFBC9987}.Debug|Any CPU.Build.0 = Debug|Any CPU
		{56C4A46A-7FDD-4E00-8B4F-8E7BDFBC9987}.Release|Any CPU.ActiveCfg = Release|Any CPU
		{56C4A46A-7FDD-4E00-8B4F-8E7BDFBC9987}.Release|Any CPU.Build.0 = Release|Any CPU
	EndGlobalSection
	GlobalSection(SolutionProperties) = preSolution
		HideSolutionNode = FALSE
	EndGlobalSection
	GlobalSection(ExtensibilityGlobals) = postSolution
		SolutionGuid = {58CD990A-BD3E-42BD-9CC5-65F35727523E}
	EndGlobalSection
EndGlobal
